
Microsoft Visual Studio Solution File, Format Version 12.00
# Visual Studio 2013
VisualStudioVersion = 12.0.40629.0
MinimumVisualStudioVersion = 10.0.40219.1
Project("{8BC9CEB8-8B4A-11D0-8D11-00A0C91BC942}") = "utility", "utility\utility.vcxproj", "{3C25F4F8-9B1C-412C-9F7D-9463E8F1D0E7}"
EndProject
Project("{8BC9CEB8-8B4A-11D0-8D11-00A0C91BC942}") = "UsingDllAPI", "UsingDllAPI\UsingDllAPI.vcxproj", "{5ACCBBCF-E609-4C82-A27C-FCB238D8E27A}"
EndProject
Global
	GlobalSection(SolutionConfigurationPlatforms) = preSolution
		Release|Win32 = Release|Win32
	EndGlobalSection
	GlobalSection(ProjectConfigurationPlatforms) = postSolution
		{3C25F4F8-9B1C-412C-9F7D-9463E8F1D0E7}.Release|Win32.ActiveCfg = Release|Win32
		{3C25F4F8-9B1C-412C-9F7D-9463E8F1D0E7}.Release|Win32.Build.0 = Release|Win32
		{5ACCBBCF-E609-4C82-A27C-FCB238D8E27A}.Release|Win32.ActiveCfg = Release|Win32
		{5ACCBBCF-E609-4C82-A27C-FCB238D8E27A}.Release|Win32.Build.0 = Release|Win32
	EndGlobalSection
	GlobalSection(SolutionProperties) = preSolution
		HideSolutionNode = FALSE
	EndGlobalSection
EndGlobal
