
Microsoft Visual Studio Solution File, Format Version 10.00
# Visual Studio 2008
Project("{8BC9CEB8-8B4A-11D0-8D11-00A0C91BC942}") = "UDPServer", "UDPServer\UDPServer.vcproj", "{DEBF6891-6B4B-4B53-8F95-96C39F540B68}"
EndProject
Project("{8BC9CEB8-8B4A-11D0-8D11-00A0C91BC942}") = "UDPClient", "UDPClient\UDPClient.vcproj", "{C7030961-360D-48E9-873C-49F90E36F547}"
EndProject
Project("{8BC9CEB8-8B4A-11D0-8D11-00A0C91BC942}") = "TCPClient", "TCPClient\TCPClient.vcproj", "{7E294E0F-8ABB-4549-BC7E-C7CB8A4C0DE0}"
EndProject
Project("{8BC9CEB8-8B4A-11D0-8D11-00A0C91BC942}") = "TCPServer", "TCPServer\TCPServer.vcproj", "{474572A6-A974-4B6F-9E0D-6D7DCA3EBA2E}"
EndProject
Project("{8BC9CEB8-8B4A-11D0-8D11-00A0C91BC942}") = "utility", "utility\utility.vcproj", "{783DE56B-BBEE-4EB1-B11E-30B2225DE91A}"
EndProject
Global
	GlobalSection(SolutionConfigurationPlatforms) = preSolution
		Debug|Win32 = Debug|Win32
		Release|Win32 = Release|Win32
	EndGlobalSection
	GlobalSection(ProjectConfigurationPlatforms) = postSolution
		{DEBF6891-6B4B-4B53-8F95-96C39F540B68}.Debug|Win32.ActiveCfg = Debug|Win32
		{DEBF6891-6B4B-4B53-8F95-96C39F540B68}.Debug|Win32.Build.0 = Debug|Win32
		{DEBF6891-6B4B-4B53-8F95-96C39F540B68}.Release|Win32.ActiveCfg = Release|Win32
		{DEBF6891-6B4B-4B53-8F95-96C39F540B68}.Release|Win32.Build.0 = Release|Win32
		{C7030961-360D-48E9-873C-49F90E36F547}.Debug|Win32.ActiveCfg = Debug|Win32
		{C7030961-360D-48E9-873C-49F90E36F547}.Debug|Win32.Build.0 = Debug|Win32
		{C7030961-360D-48E9-873C-49F90E36F547}.Release|Win32.ActiveCfg = Release|Win32
		{C7030961-360D-48E9-873C-49F90E36F547}.Release|Win32.Build.0 = Release|Win32
		{7E294E0F-8ABB-4549-BC7E-C7CB8A4C0DE0}.Debug|Win32.ActiveCfg = Debug|Win32
		{7E294E0F-8ABB-4549-BC7E-C7CB8A4C0DE0}.Debug|Win32.Build.0 = Debug|Win32
		{7E294E0F-8ABB-4549-BC7E-C7CB8A4C0DE0}.Release|Win32.ActiveCfg = Release|Win32
		{7E294E0F-8ABB-4549-BC7E-C7CB8A4C0DE0}.Release|Win32.Build.0 = Release|Win32
		{474572A6-A974-4B6F-9E0D-6D7DCA3EBA2E}.Debug|Win32.ActiveCfg = Debug|Win32
		{474572A6-A974-4B6F-9E0D-6D7DCA3EBA2E}.Debug|Win32.Build.0 = Debug|Win32
		{474572A6-A974-4B6F-9E0D-6D7DCA3EBA2E}.Release|Win32.ActiveCfg = Release|Win32
		{474572A6-A974-4B6F-9E0D-6D7DCA3EBA2E}.Release|Win32.Build.0 = Release|Win32
		{783DE56B-BBEE-4EB1-B11E-30B2225DE91A}.Debug|Win32.ActiveCfg = Debug|Win32
		{783DE56B-BBEE-4EB1-B11E-30B2225DE91A}.Debug|Win32.Build.0 = Debug|Win32
		{783DE56B-BBEE-4EB1-B11E-30B2225DE91A}.Release|Win32.ActiveCfg = Release|Win32
		{783DE56B-BBEE-4EB1-B11E-30B2225DE91A}.Release|Win32.Build.0 = Release|Win32
	EndGlobalSection
	GlobalSection(SolutionProperties) = preSolution
		HideSolutionNode = FALSE
	EndGlobalSection
EndGlobal
